
Microsoft Visual Studio Solution File, Format Version 12.00
# Visual Studio Version 16
VisualStudioVersion = 16.0.30523.141
MinimumVisualStudioVersion = 10.0.40219.1
Project("{FAE04EC0-301F-11D3-BF4B-00C04F79EFBC}") = "FizzBuzzCore.v2", "FizzBuzzCore.v2\FizzBuzzCore.v2.csproj", "{D47D4D3D-C752-4C88-988F-4A01873DCFF8}"
EndProject
Global
	GlobalSection(SolutionConfigurationPlatforms) = preSolution
		Debug|Any CPU = Debug|Any CPU
		Release|Any CPU = Release|Any CPU
	EndGlobalSection
	GlobalSection(ProjectConfigurationPlatforms) = postSolution
		{D47D4D3D-C752-4C88-988F-4A01873DCFF8}.Debug|Any CPU.ActiveCfg = Debug|Any CPU
		{D47D4D3D-C752-4C88-988F-4A01873DCFF8}.Debug|Any CPU.Build.0 = Debug|Any CPU
		{D47D4D3D-C752-4C88-988F-4A01873DCFF8}.Release|Any CPU.ActiveCfg = Release|Any CPU
		{D47D4D3D-C752-4C88-988F-4A01873DCFF8}.Release|Any CPU.Build.0 = Release|Any CPU
	EndGlobalSection
	GlobalSection(SolutionProperties) = preSolution
		HideSolutionNode = FALSE
	EndGlobalSection
	GlobalSection(ExtensibilityGlobals) = postSolution
		SolutionGuid = {F2E56AAE-D4D7-4F78-BE3A-D383D4868634}
	EndGlobalSection
EndGlobal
